
Microsoft Visual Studio Solution File, Format Version 12.00
# Visual Studio Version 16
VisualStudioVersion = 16.0.29519.181
MinimumVisualStudioVersion = 10.0.40219.1
Project("{FAE04EC0-301F-11D3-BF4B-00C04F79EFBC}") = "E-MTY", "E-MTY\E-MTY.csproj", "{6BDAFA1F-419E-4B0E-95EF-BD91CBDA7BB8}"
EndProject
Global
	GlobalSection(SolutionConfigurationPlatforms) = preSolution
		Debug|Any CPU = Debug|Any CPU
		Release|Any CPU = Release|Any CPU
	EndGlobalSection
	GlobalSection(ProjectConfigurationPlatforms) = postSolution
		{6BDAFA1F-419E-4B0E-95EF-BD91CBDA7BB8}.Debug|Any CPU.ActiveCfg = Debug|Any CPU
		{6BDAFA1F-419E-4B0E-95EF-BD91CBDA7BB8}.Debug|Any CPU.Build.0 = Debug|Any CPU
		{6BDAFA1F-419E-4B0E-95EF-BD91CBDA7BB8}.Release|Any CPU.ActiveCfg = Release|Any CPU
		{6BDAFA1F-419E-4B0E-95EF-BD91CBDA7BB8}.Release|Any CPU.Build.0 = Release|Any CPU
	EndGlobalSection
	GlobalSection(SolutionProperties) = preSolution
		HideSolutionNode = FALSE
	EndGlobalSection
	GlobalSection(ExtensibilityGlobals) = postSolution
		SolutionGuid = {2041BC39-5B48-40EB-9F1F-4A988D3BD301}
	EndGlobalSection
EndGlobal
